
Microsoft Visual Studio Solution File, Format Version 12.00
# Visual Studio 15
VisualStudioVersion = 15.0.28307.421
MinimumVisualStudioVersion = 10.0.40219.1
Project("{FAE04EC0-301F-11D3-BF4B-00C04F79EFBC}") = "WpfApp", "WpfApp\WpfApp.csproj", "{0D1C4F96-3349-4C93-925E-1EB9019075CB}"
EndProject
Project("{2150E333-8FDC-42A3-9474-1A3956D46DE8}") = "src", "src", "{9F6D6C07-F1E7-47E0-A834-A5E05644AC36}"
EndProject
Project("{FAE04EC0-301F-11D3-BF4B-00C04F79EFBC}") = "Domain", "Domain\Domain.csproj", "{73FC5180-9D75-4957-95CF-2843FA662548}"
EndProject
Project("{2150E333-8FDC-42A3-9474-1A3956D46DE8}") = "tests", "tests", "{4E2B1E3C-06FB-4828-B0C8-D4C6C73D80BC}"
EndProject
Project("{FAE04EC0-301F-11D3-BF4B-00C04F79EFBC}") = "Infrastructure", "Infastructure\Infrastructure.csproj", "{52FE244C-83FA-48FE-854E-719674FEFBA9}"
EndProject
Project("{FAE04EC0-301F-11D3-BF4B-00C04F79EFBC}") = "DAL", "DAL\DAL.csproj", "{E295AF67-C4B3-4A47-B9E9-F752D1F21CD6}"
EndProject
Project("{FAE04EC0-301F-11D3-BF4B-00C04F79EFBC}") = "Mehdime.DbScope", "Mehdime.DbScope\Mehdime.DbScope.csproj", "{5055BA9E-5510-4CA0-A540-83095B0E86CC}"
EndProject
Project("{FAE04EC0-301F-11D3-BF4B-00C04F79EFBC}") = "SumToString", "SumToString\SumToString.csproj", "{03A97A3A-D718-4E14-AFA6-8998833A5408}"
EndProject
Global
	GlobalSection(SolutionConfigurationPlatforms) = preSolution
		Debug|Any CPU = Debug|Any CPU
		Release|Any CPU = Release|Any CPU
	EndGlobalSection
	GlobalSection(ProjectConfigurationPlatforms) = postSolution
		{0D1C4F96-3349-4C93-925E-1EB9019075CB}.Debug|Any CPU.ActiveCfg = Debug|Any CPU
		{0D1C4F96-3349-4C93-925E-1EB9019075CB}.Debug|Any CPU.Build.0 = Debug|Any CPU
		{0D1C4F96-3349-4C93-925E-1EB9019075CB}.Release|Any CPU.ActiveCfg = Release|Any CPU
		{0D1C4F96-3349-4C93-925E-1EB9019075CB}.Release|Any CPU.Build.0 = Release|Any CPU
		{73FC5180-9D75-4957-95CF-2843FA662548}.Debug|Any CPU.ActiveCfg = Debug|Any CPU
		{73FC5180-9D75-4957-95CF-2843FA662548}.Debug|Any CPU.Build.0 = Debug|Any CPU
		{73FC5180-9D75-4957-95CF-2843FA662548}.Release|Any CPU.ActiveCfg = Release|Any CPU
		{73FC5180-9D75-4957-95CF-2843FA662548}.Release|Any CPU.Build.0 = Release|Any CPU
		{52FE244C-83FA-48FE-854E-719674FEFBA9}.Debug|Any CPU.ActiveCfg = Debug|Any CPU
		{52FE244C-83FA-48FE-854E-719674FEFBA9}.Debug|Any CPU.Build.0 = Debug|Any CPU
		{52FE244C-83FA-48FE-854E-719674FEFBA9}.Release|Any CPU.ActiveCfg = Release|Any CPU
		{52FE244C-83FA-48FE-854E-719674FEFBA9}.Release|Any CPU.Build.0 = Release|Any CPU
		{E295AF67-C4B3-4A47-B9E9-F752D1F21CD6}.Debug|Any CPU.ActiveCfg = Debug|Any CPU
		{E295AF67-C4B3-4A47-B9E9-F752D1F21CD6}.Debug|Any CPU.Build.0 = Debug|Any CPU
		{E295AF67-C4B3-4A47-B9E9-F752D1F21CD6}.Release|Any CPU.ActiveCfg = Release|Any CPU
		{E295AF67-C4B3-4A47-B9E9-F752D1F21CD6}.Release|Any CPU.Build.0 = Release|Any CPU
		{5055BA9E-5510-4CA0-A540-83095B0E86CC}.Debug|Any CPU.ActiveCfg = Debug|Any CPU
		{5055BA9E-5510-4CA0-A540-83095B0E86CC}.Debug|Any CPU.Build.0 = Debug|Any CPU
		{5055BA9E-5510-4CA0-A540-83095B0E86CC}.Release|Any CPU.ActiveCfg = Release|Any CPU
		{5055BA9E-5510-4CA0-A540-83095B0E86CC}.Release|Any CPU.Build.0 = Release|Any CPU
		{03A97A3A-D718-4E14-AFA6-8998833A5408}.Debug|Any CPU.ActiveCfg = Debug|Any CPU
		{03A97A3A-D718-4E14-AFA6-8998833A5408}.Debug|Any CPU.Build.0 = Debug|Any CPU
		{03A97A3A-D718-4E14-AFA6-8998833A5408}.Release|Any CPU.ActiveCfg = Release|Any CPU
		{03A97A3A-D718-4E14-AFA6-8998833A5408}.Release|Any CPU.Build.0 = Release|Any CPU
	EndGlobalSection
	GlobalSection(SolutionProperties) = preSolution
		HideSolutionNode = FALSE
	EndGlobalSection
	GlobalSection(NestedProjects) = preSolution
		{0D1C4F96-3349-4C93-925E-1EB9019075CB} = {9F6D6C07-F1E7-47E0-A834-A5E05644AC36}
		{73FC5180-9D75-4957-95CF-2843FA662548} = {9F6D6C07-F1E7-47E0-A834-A5E05644AC36}
		{52FE244C-83FA-48FE-854E-719674FEFBA9} = {9F6D6C07-F1E7-47E0-A834-A5E05644AC36}
		{E295AF67-C4B3-4A47-B9E9-F752D1F21CD6} = {9F6D6C07-F1E7-47E0-A834-A5E05644AC36}
		{5055BA9E-5510-4CA0-A540-83095B0E86CC} = {9F6D6C07-F1E7-47E0-A834-A5E05644AC36}
	EndGlobalSection
	GlobalSection(ExtensibilityGlobals) = postSolution
		SolutionGuid = {E3CA4356-91D3-4912-BA5D-CC8FD20AA6AF}
	EndGlobalSection
EndGlobal
