
Microsoft Visual Studio Solution File, Format Version 12.00
# Visual Studio Version 16
VisualStudioVersion = 16.0.28606.126
MinimumVisualStudioVersion = 10.0.40219.1
Project("{FAE04EC0-301F-11D3-BF4B-00C04F79EFBC}") = "WFApp", "WFApp\WFApp.csproj", "{1EC5A9C3-4DA2-4570-A0C4-DA8E5B514EDF}"
EndProject
Project("{FAE04EC0-301F-11D3-BF4B-00C04F79EFBC}") = "Domain", "Domain\Domain.csproj", "{B7AAB2D3-43C8-4617-ACA9-F9A5241EBEC0}"
EndProject
Global
	GlobalSection(SolutionConfigurationPlatforms) = preSolution
		Debug|Any CPU = Debug|Any CPU
		Release|Any CPU = Release|Any CPU
	EndGlobalSection
	GlobalSection(ProjectConfigurationPlatforms) = postSolution
		{1EC5A9C3-4DA2-4570-A0C4-DA8E5B514EDF}.Debug|Any CPU.ActiveCfg = Debug|Any CPU
		{1EC5A9C3-4DA2-4570-A0C4-DA8E5B514EDF}.Debug|Any CPU.Build.0 = Debug|Any CPU
		{1EC5A9C3-4DA2-4570-A0C4-DA8E5B514EDF}.Release|Any CPU.ActiveCfg = Release|Any CPU
		{1EC5A9C3-4DA2-4570-A0C4-DA8E5B514EDF}.Release|Any CPU.Build.0 = Release|Any CPU
		{B7AAB2D3-43C8-4617-ACA9-F9A5241EBEC0}.Debug|Any CPU.ActiveCfg = Debug|Any CPU
		{B7AAB2D3-43C8-4617-ACA9-F9A5241EBEC0}.Debug|Any CPU.Build.0 = Debug|Any CPU
		{B7AAB2D3-43C8-4617-ACA9-F9A5241EBEC0}.Release|Any CPU.ActiveCfg = Release|Any CPU
		{B7AAB2D3-43C8-4617-ACA9-F9A5241EBEC0}.Release|Any CPU.Build.0 = Release|Any CPU
	EndGlobalSection
	GlobalSection(SolutionProperties) = preSolution
		HideSolutionNode = FALSE
	EndGlobalSection
	GlobalSection(ExtensibilityGlobals) = postSolution
		SolutionGuid = {E3CA4356-91D3-4912-BA5D-CC8FD20AA6AF}
	EndGlobalSection
EndGlobal
